// !$*UTF8*$!
{
	archiveVersion = 1;
	classes = {
	};
	objectVersion = 50;
	objects = {

/* Begin PBXBuildFile section */
		FE0563F9264864B7006F10E1 /* AppDelegate.swift in Sources */ = {isa = PBXBuildFile; fileRef = FE0563F8264864B7006F10E1 /* AppDelegate.swift */; };
		FE0563FB264864B7006F10E1 /* SceneDelegate.swift in Sources */ = {isa = PBXBuildFile; fileRef = FE0563FA264864B7006F10E1 /* SceneDelegate.swift */; };
		FE0563FD264864B7006F10E1 /* ViewController.swift in Sources */ = {isa = PBXBuildFile; fileRef = FE0563FC264864B7006F10E1 /* ViewController.swift */; };
		FE056400264864B7006F10E1 /* Main.storyboard in Resources */ = {isa = PBXBuildFile; fileRef = FE0563FE264864B7006F10E1 /* Main.storyboard */; };
		FE056402264864B8006F10E1 /* Assets.xcassets in Resources */ = {isa = PBXBuildFile; fileRef = FE056401264864B8006F10E1 /* Assets.xcassets */; };
		FE056405264864B8006F10E1 /* LaunchScreen.storyboard in Resources */ = {isa = PBXBuildFile; fileRef = FE056403264864B8006F10E1 /* LaunchScreen.storyboard */; };
		FE05640F264867C5006F10E1 /* SpecificAreaScreen.storyboard in Resources */ = {isa = PBXBuildFile; fileRef = FE05640E264867C5006F10E1 /* SpecificAreaScreen.storyboard */; };
		FE1E493D26499B3500C4D68F /* QRScanScreen.storyboard in Resources */ = {isa = PBXBuildFile; fileRef = FE1E493C26499B3500C4D68F /* QRScanScreen.storyboard */; };
		FE1E494026499B9300C4D68F /* QRScanVC.swift in Sources */ = {isa = PBXBuildFile; fileRef = FE1E493F26499B9300C4D68F /* QRScanVC.swift */; };
		FE80AD1C26490E8F00608A90 /* SpecificAreaVC.swift in Sources */ = {isa = PBXBuildFile; fileRef = FE80AD1B26490E8F00608A90 /* SpecificAreaVC.swift */; };
/* End PBXBuildFile section */

/* Begin PBXFileReference section */
		FE0563F5264864B7006F10E1 /* QRCodeScanner.app */ = {isa = PBXFileReference; explicitFileType = wrapper.application; includeInIndex = 0; path = QRCodeScanner.app; sourceTree = BUILT_PRODUCTS_DIR; };
		FE0563F8264864B7006F10E1 /* AppDelegate.swift */ = {isa = PBXFileReference; lastKnownFileType = sourcecode.swift; path = AppDelegate.swift; sourceTree = "<group>"; };
		FE0563FA264864B7006F10E1 /* SceneDelegate.swift */ = {isa = PBXFileReference; lastKnownFileType = sourcecode.swift; path = SceneDelegate.swift; sourceTree = "<group>"; };
		FE0563FC264864B7006F10E1 /* ViewController.swift */ = {isa = PBXFileReference; lastKnownFileType = sourcecode.swift; path = ViewController.swift; sourceTree = "<group>"; };
		FE0563FF264864B7006F10E1 /* Base */ = {isa = PBXFileReference; lastKnownFileType = file.storyboard; name = Base; path = Base.lproj/Main.storyboard; sourceTree = "<group>"; };
		FE056401264864B8006F10E1 /* Assets.xcassets */ = {isa = PBXFileReference; lastKnownFileType = folder.assetcatalog; path = Assets.xcassets; sourceTree = "<group>"; };
		FE056404264864B8006F10E1 /* Base */ = {isa = PBXFileReference; lastKnownFileType = file.storyboard; name = Base; path = Base.lproj/LaunchScreen.storyboard; sourceTree = "<group>"; };
		FE056406264864B8006F10E1 /* Info.plist */ = {isa = PBXFileReference; lastKnownFileType = text.plist.xml; path = Info.plist; sourceTree = "<group>"; };
		FE05640E264867C5006F10E1 /* SpecificAreaScreen.storyboard */ = {isa = PBXFileReference; lastKnownFileType = file.storyboard; path = SpecificAreaScreen.storyboard; sourceTree = "<group>"; };
		FE1E493C26499B3500C4D68F /* QRScanScreen.storyboard */ = {isa = PBXFileReference; lastKnownFileType = file.storyboard; path = QRScanScreen.storyboard; sourceTree = "<group>"; };
		FE1E493F26499B9300C4D68F /* QRScanVC.swift */ = {isa = PBXFileReference; lastKnownFileType = sourcecode.swift; path = QRScanVC.swift; sourceTree = "<group>"; };
		FE80AD1B26490E8F00608A90 /* SpecificAreaVC.swift */ = {isa = PBXFileReference; lastKnownFileType = sourcecode.swift; path = SpecificAreaVC.swift; sourceTree = "<group>"; };
/* End PBXFileReference section */

/* Begin PBXFrameworksBuildPhase section */
		FE0563F2264864B7006F10E1 /* Frameworks */ = {
			isa = PBXFrameworksBuildPhase;
			buildActionMask = 2147483647;
			files = (
			);
			runOnlyForDeploymentPostprocessing = 0;
		};
/* End PBXFrameworksBuildPhase section */

/* Begin PBXGroup section */
		FE0563EC264864B7006F10E1 = {
			isa = PBXGroup;
			children = (
				FE0563F7264864B7006F10E1 /* QRCodeScanner */,
				FE0563F6264864B7006F10E1 /* Products */,
			);
			sourceTree = "<group>";
		};
		FE0563F6264864B7006F10E1 /* Products */ = {
			isa = PBXGroup;
			children = (
				FE0563F5264864B7006F10E1 /* QRCodeScanner.app */,
			);
			name = Products;
			sourceTree = "<group>";
		};
		FE0563F7264864B7006F10E1 /* QRCodeScanner */ = {
			isa = PBXGroup;
			children = (
				FE1E493B26499B0B00C4D68F /* QRScan */,
				FE05640D264867A8006F10E1 /* SpecificArea */,
				FE0563F8264864B7006F10E1 /* AppDelegate.swift */,
				FE0563FA264864B7006F10E1 /* SceneDelegate.swift */,
				FE0563FC264864B7006F10E1 /* ViewController.swift */,
				FE0563FE264864B7006F10E1 /* Main.storyboard */,
				FE056401264864B8006F10E1 /* Assets.xcassets */,
				FE056403264864B8006F10E1 /* LaunchScreen.storyboard */,
				FE056406264864B8006F10E1 /* Info.plist */,
			);
			path = QRCodeScanner;
			sourceTree = "<group>";
		};
		FE05640D264867A8006F10E1 /* SpecificArea */ = {
			isa = PBXGroup;
			children = (
				FE05640E264867C5006F10E1 /* SpecificAreaScreen.storyboard */,
				FE80AD1B26490E8F00608A90 /* SpecificAreaVC.swift */,
			);
			path = SpecificArea;
			sourceTree = "<group>";
		};
		FE1E493B26499B0B00C4D68F /* QRScan */ = {
			isa = PBXGroup;
			children = (
				FE1E493C26499B3500C4D68F /* QRScanScreen.storyboard */,
				FE1E493F26499B9300C4D68F /* QRScanVC.swift */,
			);
			path = QRScan;
			sourceTree = "<group>";
		};
/* End PBXGroup section */

/* Begin PBXNativeTarget section */
		FE0563F4264864B7006F10E1 /* QRCodeScanner */ = {
			isa = PBXNativeTarget;
			buildConfigurationList = FE056409264864B8006F10E1 /* Build configuration list for PBXNativeTarget "QRCodeScanner" */;
			buildPhases = (
				FE0563F1264864B7006F10E1 /* Sources */,
				FE0563F2264864B7006F10E1 /* Frameworks */,
				FE0563F3264864B7006F10E1 /* Resources */,
			);
			buildRules = (
			);
			dependencies = (
			);
			name = QRCodeScanner;
			productName = QRCodeScanner;
			productReference = FE0563F5264864B7006F10E1 /* QRCodeScanner.app */;
			productType = "com.apple.product-type.application";
		};
/* End PBXNativeTarget section */

/* Begin PBXProject section */
		FE0563ED264864B7006F10E1 /* Project object */ = {
			isa = PBXProject;
			attributes = {
				LastSwiftUpdateCheck = 1240;
				LastUpgradeCheck = 1240;
				TargetAttributes = {
					FE0563F4264864B7006F10E1 = {
						CreatedOnToolsVersion = 12.4;
					};
				};
			};
			buildConfigurationList = FE0563F0264864B7006F10E1 /* Build configuration list for PBXProject "QRCodeScanner" */;
			compatibilityVersion = "Xcode 9.3";
			developmentRegion = en;
			hasScannedForEncodings = 0;
			knownRegions = (
				en,
				Base,
			);
			mainGroup = FE0563EC264864B7006F10E1;
			productRefGroup = FE0563F6264864B7006F10E1 /* Products */;
			projectDirPath = "";
			projectRoot = "";
			targets = (
				FE0563F4264864B7006F10E1 /* QRCodeScanner */,
			);
		};
/* End PBXProject section */

/* Begin PBXResourcesBuildPhase section */
		FE0563F3264864B7006F10E1 /* Resources */ = {
			isa = PBXResourcesBuildPhase;
			buildActionMask = 2147483647;
			files = (
				FE056405264864B8006F10E1 /* LaunchScreen.storyboard in Resources */,
				FE05640F264867C5006F10E1 /* SpecificAreaScreen.storyboard in Resources */,
				FE056402264864B8006F10E1 /* Assets.xcassets in Resources */,
				FE056400264864B7006F10E1 /* Main.storyboard in Resources */,
				FE1E493D26499B3500C4D68F /* QRScanScreen.storyboard in Resources */,
			);
			runOnlyForDeploymentPostprocessing = 0;
		};
/* End PBXResourcesBuildPhase section */

/* Begin PBXSourcesBuildPhase section */
		FE0563F1264864B7006F10E1 /* Sources */ = {
			isa = PBXSourcesBuildPhase;
			buildActionMask = 2147483647;
			files = (
				FE0563FD264864B7006F10E1 /* ViewController.swift in Sources */,
				FE0563F9264864B7006F10E1 /* AppDelegate.swift in Sources */,
				FE0563FB264864B7006F10E1 /* SceneDelegate.swift in Sources */,
				FE80AD1C26490E8F00608A90 /* SpecificAreaVC.swift in Sources */,
				FE1E494026499B9300C4D68F /* QRScanVC.swift in Sources */,
			);
			runOnlyForDeploymentPostprocessing = 0;
		};
/* End PBXSourcesBuildPhase section */

/* Begin PBXVariantGroup section */
		FE0563FE264864B7006F10E1 /* Main.storyboard */ = {
			isa = PBXVariantGroup;
			children = (
				FE0563FF264864B7006F10E1 /* Base */,
			);
			name = Main.storyboard;
			sourceTree = "<group>";
		};
		FE056403264864B8006F10E1 /* LaunchScreen.storyboard */ = {
			isa = PBXVariantGroup;
			children = (
				FE056404264864B8006F10E1 /* Base */,
			);
			name = LaunchScreen.storyboard;
			sourceTree = "<group>";
		};
/* End PBXVariantGroup section */

/* Begin XCBuildConfiguration section */
		FE056407264864B8006F10E1 /* Debug */ = {
			isa = XCBuildConfiguration;
			buildSettings = {
				ALWAYS_SEARCH_USER_PATHS = NO;
				CLANG_ANALYZER_NONNULL = YES;
				CLANG_ANALYZER_NUMBER_OBJECT_CONVERSION = YES_AGGRESSIVE;
				CLANG_CXX_LANGUAGE_STANDARD = "gnu++14";
				CLANG_CXX_LIBRARY = "libc++";
				CLANG_ENABLE_MODULES = YES;
				CLANG_ENABLE_OBJC_ARC = YES;
				CLANG_ENABLE_OBJC_WEAK = YES;
				CLANG_WARN_BLOCK_CAPTURE_AUTORELEASING = YES;
				CLANG_WARN_BOOL_CONVERSION = YES;
				CLANG_WARN_COMMA = YES;
				CLANG_WARN_CONSTANT_CONVERSION = YES;
				CLANG_WARN_DEPRECATED_OBJC_IMPLEMENTATIONS = YES;
				CLANG_WARN_DIRECT_OBJC_ISA_USAGE = YES_ERROR;
				CLANG_WARN_DOCUMENTATION_COMMENTS = YES;
				CLANG_WARN_EMPTY_BODY = YES;
				CLANG_WARN_ENUM_CONVERSION = YES;
				CLANG_WARN_INFINITE_RECURSION = YES;
				CLANG_WARN_INT_CONVERSION = YES;
				CLANG_WARN_NON_LITERAL_NULL_CONVERSION = YES;
				CLANG_WARN_OBJC_IMPLICIT_RETAIN_SELF = YES;
				CLANG_WARN_OBJC_LITERAL_CONVERSION = YES;
				CLANG_WARN_OBJC_ROOT_CLASS = YES_ERROR;
				CLANG_WARN_QUOTED_INCLUDE_IN_FRAMEWORK_HEADER = YES;
				CLANG_WARN_RANGE_LOOP_ANALYSIS = YES;
				CLANG_WARN_STRICT_PROTOTYPES = YES;
				CLANG_WARN_SUSPICIOUS_MOVE = YES;
				CLANG_WARN_UNGUARDED_AVAILABILITY = YES_AGGRESSIVE;
				CLANG_WARN_UNREACHABLE_CODE = YES;
				CLANG_WARN__DUPLICATE_METHOD_MATCH = YES;
				COPY_PHASE_STRIP = NO;
				DEBUG_INFORMATION_FORMAT = dwarf;
				ENABLE_STRICT_OBJC_MSGSEND = YES;
				ENABLE_TESTABILITY = YES;
				GCC_C_LANGUAGE_STANDARD = gnu11;
				GCC_DYNAMIC_NO_PIC = NO;
				GCC_NO_COMMON_BLOCKS = YES;
				GCC_OPTIMIZATION_LEVEL = 0;
				GCC_PREPROCESSOR_DEFINITIONS = (
					"DEBUG=1",
					"$(inherited)",
				);
				GCC_WARN_64_TO_32_BIT_CONVERSION = YES;
				GCC_WARN_ABOUT_RETURN_TYPE = YES_ERROR;
				GCC_WARN_UNDECLARED_SELECTOR = YES;
				GCC_WARN_UNINITIALIZED_AUTOS = YES_AGGRESSIVE;
				GCC_WARN_UNUSED_FUNCTION = YES;
				GCC_WARN_UNUSED_VARIABLE = YES;
				IPHONEOS_DEPLOYMENT_TARGET = 14.4;
				MTL_ENABLE_DEBUG_INFO = INCLUDE_SOURCE;
				MTL_FAST_MATH = YES;
				ONLY_ACTIVE_ARCH = YES;
				SDKROOT = iphoneos;
				SWIFT_ACTIVE_COMPILATION_CONDITIONS = DEBUG;
				SWIFT_OPTIMIZATION_LEVEL = "-Onone";
			};
			name = Debug;
		};
		FE056408264864B8006F10E1 /* Release */ = {
			isa = XCBuildConfiguration;
			buildSettings = {
				ALWAYS_SEARCH_USER_PATHS = NO;
				CLANG_ANALYZER_NONNULL = YES;
				CLANG_ANALYZER_NUMBER_OBJECT_CONVERSION = YES_AGGRESSIVE;
				CLANG_CXX_LANGUAGE_STANDARD = "gnu++14";
				CLANG_CXX_LIBRARY = "libc++";
				CLANG_ENABLE_MODULES = YES;
				CLANG_ENABLE_OBJC_ARC = YES;
				CLANG_ENABLE_OBJC_WEAK = YES;
				CLANG_WARN_BLOCK_CAPTURE_AUTORELEASING = YES;
				CLANG_WARN_BOOL_CONVERSION = YES;
				CLANG_WARN_COMMA = YES;
				CLANG_WARN_CONSTANT_CONVERSION = YES;
				CLANG_WARN_DEPRECATED_OBJC_IMPLEMENTATIONS = YES;
				CLANG_WARN_DIRECT_OBJC_ISA_USAGE = YES_ERROR;
				CLANG_WARN_DOCUMENTATION_COMMENTS = YES;
				CLANG_WARN_EMPTY_BODY = YES;
				CLANG_WARN_ENUM_CONVERSION = YES;
				CLANG_WARN_INFINITE_RECURSION = YES;
				CLANG_WARN_INT_CONVERSION = YES;
				CLANG_WARN_NON_LITERAL_NULL_CONVERSION = YES;
				CLANG_WARN_OBJC_IMPLICIT_RETAIN_SELF = YES;
				CLANG_WARN_OBJC_LITERAL_CONVERSION = YES;
				CLANG_WARN_OBJC_ROOT_CLASS = YES_ERROR;
				CLANG_WARN_QUOTED_INCLUDE_IN_FRAMEWORK_HEADER = YES;
				CLANG_WARN_RANGE_LOOP_ANALYSIS = YES;
				CLANG_WARN_STRICT_PROTOTYPES = YES;
				CLANG_WARN_SUSPICIOUS_MOVE = YES;
				CLANG_WARN_UNGUARDED_AVAILABILITY = YES_AGGRESSIVE;
				CLANG_WARN_UNREACHABLE_CODE = YES;
				CLANG_WARN__DUPLICATE_METHOD_MATCH = YES;
				COPY_PHASE_STRIP = NO;
				DEBUG_INFORMATION_FORMAT = "dwarf-with-dsym";
				ENABLE_NS_ASSERTIONS = NO;
				ENABLE_STRICT_OBJC_MSGSEND = YES;
				GCC_C_LANGUAGE_STANDARD = gnu11;
				GCC_NO_COMMON_BLOCKS = YES;
				GCC_WARN_64_TO_32_BIT_CONVERSION = YES;
				GCC_WARN_ABOUT_RETURN_TYPE = YES_ERROR;
				GCC_WARN_UNDECLARED_SELECTOR = YES;
				GCC_WARN_UNINITIALIZED_AUTOS = YES_AGGRESSIVE;
				GCC_WARN_UNUSED_FUNCTION = YES;
				GCC_WARN_UNUSED_VARIABLE = YES;
				IPHONEOS_DEPLOYMENT_TARGET = 14.4;
				MTL_ENABLE_DEBUG_INFO = NO;
				MTL_FAST_MATH = YES;
				SDKROOT = iphoneos;
				SWIFT_COMPILATION_MODE = wholemodule;
				SWIFT_OPTIMIZATION_LEVEL = "-O";
				VALIDATE_PRODUCT = YES;
			};
			name = Release;
		};
		FE05640A264864B8006F10E1 /* Debug */ = {
			isa = XCBuildConfiguration;
			buildSettings = {
				ASSETCATALOG_COMPILER_APPICON_NAME = AppIcon;
				ASSETCATALOG_COMPILER_GLOBAL_ACCENT_COLOR_NAME = AccentColor;
				CODE_SIGN_STYLE = Automatic;
				DEVELOPMENT_TEAM = 9U8PYJFN94;
				INFOPLIST_FILE = QRCodeScanner/Info.plist;
				LD_RUNPATH_SEARCH_PATHS = (
					"$(inherited)",
					"@executable_path/Frameworks",
				);
				PRODUCT_BUNDLE_IDENTIFIER = somsak.QRCodeScanner;
				PRODUCT_NAME = "$(TARGET_NAME)";
				SWIFT_VERSION = 5.0;
				TARGETED_DEVICE_FAMILY = "1,2";
			};
			name = Debug;
		};
		FE05640B264864B8006F10E1 /* Release */ = {
			isa = XCBuildConfiguration;
			buildSettings = {
				ASSETCATALOG_COMPILER_APPICON_NAME = AppIcon;
				ASSETCATALOG_COMPILER_GLOBAL_ACCENT_COLOR_NAME = AccentColor;
				CODE_SIGN_STYLE = Automatic;
				DEVELOPMENT_TEAM = 9U8PYJFN94;
				INFOPLIST_FILE = QRCodeScanner/Info.plist;
				LD_RUNPATH_SEARCH_PATHS = (
					"$(inherited)",
					"@executable_path/Frameworks",
				);
				PRODUCT_BUNDLE_IDENTIFIER = somsak.QRCodeScanner;
				PRODUCT_NAME = "$(TARGET_NAME)";
				SWIFT_VERSION = 5.0;
				TARGETED_DEVICE_FAMILY = "1,2";
			};
			name = Release;
		};
/* End XCBuildConfiguration section */

/* Begin XCConfigurationList section */
		FE0563F0264864B7006F10E1 /* Build configuration list for PBXProject "QRCodeScanner" */ = {
			isa = XCConfigurationList;
			buildConfigurations = (
				FE056407264864B8006F10E1 /* Debug */,
				FE056408264864B8006F10E1 /* Release */,
			);
			defaultConfigurationIsVisible = 0;
			defaultConfigurationName = Release;
		};
		FE056409264864B8006F10E1 /* Build configuration list for PBXNativeTarget "QRCodeScanner" */ = {
			isa = XCConfigurationList;
			buildConfigurations = (
				FE05640A264864B8006F10E1 /* Debug */,
				FE05640B264864B8006F10E1 /* Release */,
			);
			defaultConfigurationIsVisible = 0;
			defaultConfigurationName = Release;
		};
/* End XCConfigurationList section */
	};
	rootObject = FE0563ED264864B7006F10E1 /* Project object */;
}
